
Microsoft Visual Studio Solution File, Format Version 12.00
# Visual Studio Version 17
VisualStudioVersion = 17.14.36401.2 d17.14
MinimumVisualStudioVersion = 10.0.40219.1
Project("{FAE04EC0-301F-11D3-BF4B-00C04F79EFBC}") = "FinanceManagementSystem", "FinanceManagementSystem.csproj", "{0FC30C20-8026-4DF5-9F53-AFEABFF9B69D}"
EndProject
Global
	GlobalSection(SolutionConfigurationPlatforms) = preSolution
		Debug|Any CPU = Debug|Any CPU
		Release|Any CPU = Release|Any CPU
	EndGlobalSection
	GlobalSection(ProjectConfigurationPlatforms) = postSolution
		{0FC30C20-8026-4DF5-9F53-AFEABFF9B69D}.Debug|Any CPU.ActiveCfg = Debug|Any CPU
		{0FC30C20-8026-4DF5-9F53-AFEABFF9B69D}.Debug|Any CPU.Build.0 = Debug|Any CPU
		{0FC30C20-8026-4DF5-9F53-AFEABFF9B69D}.Release|Any CPU.ActiveCfg = Release|Any CPU
		{0FC30C20-8026-4DF5-9F53-AFEABFF9B69D}.Release|Any CPU.Build.0 = Release|Any CPU
	EndGlobalSection
	GlobalSection(SolutionProperties) = preSolution
		HideSolutionNode = FALSE
	EndGlobalSection
	GlobalSection(ExtensibilityGlobals) = postSolution
		SolutionGuid = {A3C85EA0-FA55-4EEA-8D81-BD6414A043E6}
	EndGlobalSection
EndGlobal
